
Microsoft Visual Studio Solution File, Format Version 12.00
Project("{FAE04EC0-301F-11D3-BF4B-00C04F79EFBC}") = "Program", "Program\Program.csproj", "{BFC35A5E-6A1D-4D1F-8756-44FEA53EA612}"
EndProject
Project("{FAE04EC0-301F-11D3-BF4B-00C04F79EFBC}") = "Safety", "Safety\Safety.csproj", "{BC8D6EC6-03BE-4915-AC5E-EF9B658CBB49}"
EndProject
Project("{FAE04EC0-301F-11D3-BF4B-00C04F79EFBC}") = "Diagnostics", "Diagnostics\Diagnostics.csproj", "{EBCE2A4F-81F3-4CC2-95D8-C629B2A5EE6B}"
EndProject
Project("{FAE04EC0-301F-11D3-BF4B-00C04F79EFBC}") = "Grammar", "Grammar\Grammar.csproj", "{B483EF42-BEAA-4411-8EA6-554B69F0855D}"
EndProject
Project("{FAE04EC0-301F-11D3-BF4B-00C04F79EFBC}") = "Lexing", "Lexing\Lexing.csproj", "{8B97771F-3063-49C1-8CD8-817FE4AC6AB9}"
EndProject
Project("{FAE04EC0-301F-11D3-BF4B-00C04F79EFBC}") = "Parsing", "Parsing\Parsing.csproj", "{7737570E-6781-4895-954E-BDDC5CBE818C}"
EndProject
Project("{FAE04EC0-301F-11D3-BF4B-00C04F79EFBC}") = "Ir", "Ir\Ir.csproj", "{CEA638CC-2BBD-4A5E-9C68-16C2BC885140}"
EndProject
Project("{FAE04EC0-301F-11D3-BF4B-00C04F79EFBC}") = "Bytecode", "Bytecode\Bytecode.csproj", "{8E249805-D24D-4E91-89D8-8D50A7FCCAD6}"
EndProject
Project("{FAE04EC0-301F-11D3-BF4B-00C04F79EFBC}") = "Vm", "Vm\Vm.csproj", "{89883B6F-CAE0-43DD-BD41-022DA8BC7E34}"
EndProject
Project("{FAE04EC0-301F-11D3-BF4B-00C04F79EFBC}") = "Asm", "Asm\Asm.csproj", "{9B4BE9D4-3685-4DDB-8245-92C255F0141D}"
EndProject
Project("{FAE04EC0-301F-11D3-BF4B-00C04F79EFBC}") = "Assembler", "Assembler\Assembler.csproj", "{FD48F5E2-0A9E-4827-904A-3C0EAD13820C}"
EndProject
Project("{FAE04EC0-301F-11D3-BF4B-00C04F79EFBC}") = "Linker", "Linker\Linker.csproj", "{92C2A1EF-32F8-4468-838C-6963743C01D9}"
EndProject
Project("{FAE04EC0-301F-11D3-BF4B-00C04F79EFBC}") = "Tests", "Tests\Tests.csproj", "{65E2E53E-D228-4C17-9A4E-3B8FD3E89DDA}"
EndProject
Global
	GlobalSection(SolutionConfigurationPlatforms) = preSolution
		Debug|Any CPU = Debug|Any CPU
		Debug|x64 = Debug|x64
		Debug|x86 = Debug|x86
		Release|Any CPU = Release|Any CPU
		Release|x64 = Release|x64
		Release|x86 = Release|x86
	EndGlobalSection
	GlobalSection(ProjectConfigurationPlatforms) = postSolution
		{BFC35A5E-6A1D-4D1F-8756-44FEA53EA612}.Debug|Any CPU.ActiveCfg = Debug|Any CPU
		{BFC35A5E-6A1D-4D1F-8756-44FEA53EA612}.Debug|Any CPU.Build.0 = Debug|Any CPU
		{BFC35A5E-6A1D-4D1F-8756-44FEA53EA612}.Debug|x64.ActiveCfg = Debug|Any CPU
		{BFC35A5E-6A1D-4D1F-8756-44FEA53EA612}.Debug|x64.Build.0 = Debug|Any CPU
		{BFC35A5E-6A1D-4D1F-8756-44FEA53EA612}.Debug|x86.ActiveCfg = Debug|Any CPU
		{BFC35A5E-6A1D-4D1F-8756-44FEA53EA612}.Debug|x86.Build.0 = Debug|Any CPU
		{BFC35A5E-6A1D-4D1F-8756-44FEA53EA612}.Release|Any CPU.ActiveCfg = Release|Any CPU
		{BFC35A5E-6A1D-4D1F-8756-44FEA53EA612}.Release|Any CPU.Build.0 = Release|Any CPU
		{BFC35A5E-6A1D-4D1F-8756-44FEA53EA612}.Release|x64.ActiveCfg = Release|Any CPU
		{BFC35A5E-6A1D-4D1F-8756-44FEA53EA612}.Release|x64.Build.0 = Release|Any CPU
		{BFC35A5E-6A1D-4D1F-8756-44FEA53EA612}.Release|x86.ActiveCfg = Release|Any CPU
		{BFC35A5E-6A1D-4D1F-8756-44FEA53EA612}.Release|x86.Build.0 = Release|Any CPU
		{BC8D6EC6-03BE-4915-AC5E-EF9B658CBB49}.Debug|Any CPU.ActiveCfg = Debug|Any CPU
		{BC8D6EC6-03BE-4915-AC5E-EF9B658CBB49}.Debug|Any CPU.Build.0 = Debug|Any CPU
		{BC8D6EC6-03BE-4915-AC5E-EF9B658CBB49}.Debug|x64.ActiveCfg = Debug|Any CPU
		{BC8D6EC6-03BE-4915-AC5E-EF9B658CBB49}.Debug|x64.Build.0 = Debug|Any CPU
		{BC8D6EC6-03BE-4915-AC5E-EF9B658CBB49}.Debug|x86.ActiveCfg = Debug|Any CPU
		{BC8D6EC6-03BE-4915-AC5E-EF9B658CBB49}.Debug|x86.Build.0 = Debug|Any CPU
		{BC8D6EC6-03BE-4915-AC5E-EF9B658CBB49}.Release|Any CPU.ActiveCfg = Release|Any CPU
		{BC8D6EC6-03BE-4915-AC5E-EF9B658CBB49}.Release|Any CPU.Build.0 = Release|Any CPU
		{BC8D6EC6-03BE-4915-AC5E-EF9B658CBB49}.Release|x64.ActiveCfg = Release|Any CPU
		{BC8D6EC6-03BE-4915-AC5E-EF9B658CBB49}.Release|x64.Build.0 = Release|Any CPU
		{BC8D6EC6-03BE-4915-AC5E-EF9B658CBB49}.Release|x86.ActiveCfg = Release|Any CPU
		{BC8D6EC6-03BE-4915-AC5E-EF9B658CBB49}.Release|x86.Build.0 = Release|Any CPU
		{EBCE2A4F-81F3-4CC2-95D8-C629B2A5EE6B}.Debug|Any CPU.ActiveCfg = Debug|Any CPU
		{EBCE2A4F-81F3-4CC2-95D8-C629B2A5EE6B}.Debug|Any CPU.Build.0 = Debug|Any CPU
		{EBCE2A4F-81F3-4CC2-95D8-C629B2A5EE6B}.Debug|x64.ActiveCfg = Debug|Any CPU
		{EBCE2A4F-81F3-4CC2-95D8-C629B2A5EE6B}.Debug|x64.Build.0 = Debug|Any CPU
		{EBCE2A4F-81F3-4CC2-95D8-C629B2A5EE6B}.Debug|x86.ActiveCfg = Debug|Any CPU
		{EBCE2A4F-81F3-4CC2-95D8-C629B2A5EE6B}.Debug|x86.Build.0 = Debug|Any CPU
		{EBCE2A4F-81F3-4CC2-95D8-C629B2A5EE6B}.Release|Any CPU.ActiveCfg = Release|Any CPU
		{EBCE2A4F-81F3-4CC2-95D8-C629B2A5EE6B}.Release|Any CPU.Build.0 = Release|Any CPU
		{EBCE2A4F-81F3-4CC2-95D8-C629B2A5EE6B}.Release|x64.ActiveCfg = Release|Any CPU
		{EBCE2A4F-81F3-4CC2-95D8-C629B2A5EE6B}.Release|x64.Build.0 = Release|Any CPU
		{EBCE2A4F-81F3-4CC2-95D8-C629B2A5EE6B}.Release|x86.ActiveCfg = Release|Any CPU
		{EBCE2A4F-81F3-4CC2-95D8-C629B2A5EE6B}.Release|x86.Build.0 = Release|Any CPU
		{B483EF42-BEAA-4411-8EA6-554B69F0855D}.Debug|Any CPU.ActiveCfg = Debug|Any CPU
		{B483EF42-BEAA-4411-8EA6-554B69F0855D}.Debug|Any CPU.Build.0 = Debug|Any CPU
		{B483EF42-BEAA-4411-8EA6-554B69F0855D}.Debug|x64.ActiveCfg = Debug|Any CPU
		{B483EF42-BEAA-4411-8EA6-554B69F0855D}.Debug|x64.Build.0 = Debug|Any CPU
		{B483EF42-BEAA-4411-8EA6-554B69F0855D}.Debug|x86.ActiveCfg = Debug|Any CPU
		{B483EF42-BEAA-4411-8EA6-554B69F0855D}.Debug|x86.Build.0 = Debug|Any CPU
		{B483EF42-BEAA-4411-8EA6-554B69F0855D}.Release|Any CPU.ActiveCfg = Release|Any CPU
		{B483EF42-BEAA-4411-8EA6-554B69F0855D}.Release|Any CPU.Build.0 = Release|Any CPU
		{B483EF42-BEAA-4411-8EA6-554B69F0855D}.Release|x64.ActiveCfg = Release|Any CPU
		{B483EF42-BEAA-4411-8EA6-554B69F0855D}.Release|x64.Build.0 = Release|Any CPU
		{B483EF42-BEAA-4411-8EA6-554B69F0855D}.Release|x86.ActiveCfg = Release|Any CPU
		{B483EF42-BEAA-4411-8EA6-554B69F0855D}.Release|x86.Build.0 = Release|Any CPU
		{8B97771F-3063-49C1-8CD8-817FE4AC6AB9}.Debug|Any CPU.ActiveCfg = Debug|Any CPU
		{8B97771F-3063-49C1-8CD8-817FE4AC6AB9}.Debug|Any CPU.Build.0 = Debug|Any CPU
		{8B97771F-3063-49C1-8CD8-817FE4AC6AB9}.Debug|x64.ActiveCfg = Debug|Any CPU
		{8B97771F-3063-49C1-8CD8-817FE4AC6AB9}.Debug|x64.Build.0 = Debug|Any CPU
		{8B97771F-3063-49C1-8CD8-817FE4AC6AB9}.Debug|x86.ActiveCfg = Debug|Any CPU
		{8B97771F-3063-49C1-8CD8-817FE4AC6AB9}.Debug|x86.Build.0 = Debug|Any CPU
		{8B97771F-3063-49C1-8CD8-817FE4AC6AB9}.Release|Any CPU.ActiveCfg = Release|Any CPU
		{8B97771F-3063-49C1-8CD8-817FE4AC6AB9}.Release|Any CPU.Build.0 = Release|Any CPU
		{8B97771F-3063-49C1-8CD8-817FE4AC6AB9}.Release|x64.ActiveCfg = Release|Any CPU
		{8B97771F-3063-49C1-8CD8-817FE4AC6AB9}.Release|x64.Build.0 = Release|Any CPU
		{8B97771F-3063-49C1-8CD8-817FE4AC6AB9}.Release|x86.ActiveCfg = Release|Any CPU
		{8B97771F-3063-49C1-8CD8-817FE4AC6AB9}.Release|x86.Build.0 = Release|Any CPU
		{7737570E-6781-4895-954E-BDDC5CBE818C}.Debug|Any CPU.ActiveCfg = Debug|Any CPU
		{7737570E-6781-4895-954E-BDDC5CBE818C}.Debug|Any CPU.Build.0 = Debug|Any CPU
		{7737570E-6781-4895-954E-BDDC5CBE818C}.Debug|x64.ActiveCfg = Debug|Any CPU
		{7737570E-6781-4895-954E-BDDC5CBE818C}.Debug|x64.Build.0 = Debug|Any CPU
		{7737570E-6781-4895-954E-BDDC5CBE818C}.Debug|x86.ActiveCfg = Debug|Any CPU
		{7737570E-6781-4895-954E-BDDC5CBE818C}.Debug|x86.Build.0 = Debug|Any CPU
		{7737570E-6781-4895-954E-BDDC5CBE818C}.Release|Any CPU.ActiveCfg = Release|Any CPU
		{7737570E-6781-4895-954E-BDDC5CBE818C}.Release|Any CPU.Build.0 = Release|Any CPU
		{7737570E-6781-4895-954E-BDDC5CBE818C}.Release|x64.ActiveCfg = Release|Any CPU
		{7737570E-6781-4895-954E-BDDC5CBE818C}.Release|x64.Build.0 = Release|Any CPU
		{7737570E-6781-4895-954E-BDDC5CBE818C}.Release|x86.ActiveCfg = Release|Any CPU
		{7737570E-6781-4895-954E-BDDC5CBE818C}.Release|x86.Build.0 = Release|Any CPU
		{CEA638CC-2BBD-4A5E-9C68-16C2BC885140}.Debug|Any CPU.ActiveCfg = Debug|Any CPU
		{CEA638CC-2BBD-4A5E-9C68-16C2BC885140}.Debug|Any CPU.Build.0 = Debug|Any CPU
		{CEA638CC-2BBD-4A5E-9C68-16C2BC885140}.Debug|x64.ActiveCfg = Debug|Any CPU
		{CEA638CC-2BBD-4A5E-9C68-16C2BC885140}.Debug|x64.Build.0 = Debug|Any CPU
		{CEA638CC-2BBD-4A5E-9C68-16C2BC885140}.Debug|x86.ActiveCfg = Debug|Any CPU
		{CEA638CC-2BBD-4A5E-9C68-16C2BC885140}.Debug|x86.Build.0 = Debug|Any CPU
		{CEA638CC-2BBD-4A5E-9C68-16C2BC885140}.Release|Any CPU.ActiveCfg = Release|Any CPU
		{CEA638CC-2BBD-4A5E-9C68-16C2BC885140}.Release|Any CPU.Build.0 = Release|Any CPU
		{CEA638CC-2BBD-4A5E-9C68-16C2BC885140}.Release|x64.ActiveCfg = Release|Any CPU
		{CEA638CC-2BBD-4A5E-9C68-16C2BC885140}.Release|x64.Build.0 = Release|Any CPU
		{CEA638CC-2BBD-4A5E-9C68-16C2BC885140}.Release|x86.ActiveCfg = Release|Any CPU
		{CEA638CC-2BBD-4A5E-9C68-16C2BC885140}.Release|x86.Build.0 = Release|Any CPU
		{8E249805-D24D-4E91-89D8-8D50A7FCCAD6}.Debug|Any CPU.ActiveCfg = Debug|Any CPU
		{8E249805-D24D-4E91-89D8-8D50A7FCCAD6}.Debug|Any CPU.Build.0 = Debug|Any CPU
		{8E249805-D24D-4E91-89D8-8D50A7FCCAD6}.Debug|x64.ActiveCfg = Debug|Any CPU
		{8E249805-D24D-4E91-89D8-8D50A7FCCAD6}.Debug|x64.Build.0 = Debug|Any CPU
		{8E249805-D24D-4E91-89D8-8D50A7FCCAD6}.Debug|x86.ActiveCfg = Debug|Any CPU
		{8E249805-D24D-4E91-89D8-8D50A7FCCAD6}.Debug|x86.Build.0 = Debug|Any CPU
		{8E249805-D24D-4E91-89D8-8D50A7FCCAD6}.Release|Any CPU.ActiveCfg = Release|Any CPU
		{8E249805-D24D-4E91-89D8-8D50A7FCCAD6}.Release|Any CPU.Build.0 = Release|Any CPU
		{8E249805-D24D-4E91-89D8-8D50A7FCCAD6}.Release|x64.ActiveCfg = Release|Any CPU
		{8E249805-D24D-4E91-89D8-8D50A7FCCAD6}.Release|x64.Build.0 = Release|Any CPU
		{8E249805-D24D-4E91-89D8-8D50A7FCCAD6}.Release|x86.ActiveCfg = Release|Any CPU
		{8E249805-D24D-4E91-89D8-8D50A7FCCAD6}.Release|x86.Build.0 = Release|Any CPU
		{89883B6F-CAE0-43DD-BD41-022DA8BC7E34}.Debug|Any CPU.ActiveCfg = Debug|Any CPU
		{89883B6F-CAE0-43DD-BD41-022DA8BC7E34}.Debug|Any CPU.Build.0 = Debug|Any CPU
		{89883B6F-CAE0-43DD-BD41-022DA8BC7E34}.Debug|x64.ActiveCfg = Debug|Any CPU
		{89883B6F-CAE0-43DD-BD41-022DA8BC7E34}.Debug|x64.Build.0 = Debug|Any CPU
		{89883B6F-CAE0-43DD-BD41-022DA8BC7E34}.Debug|x86.ActiveCfg = Debug|Any CPU
		{89883B6F-CAE0-43DD-BD41-022DA8BC7E34}.Debug|x86.Build.0 = Debug|Any CPU
		{89883B6F-CAE0-43DD-BD41-022DA8BC7E34}.Release|Any CPU.ActiveCfg = Release|Any CPU
		{89883B6F-CAE0-43DD-BD41-022DA8BC7E34}.Release|Any CPU.Build.0 = Release|Any CPU
		{89883B6F-CAE0-43DD-BD41-022DA8BC7E34}.Release|x64.ActiveCfg = Release|Any CPU
		{89883B6F-CAE0-43DD-BD41-022DA8BC7E34}.Release|x64.Build.0 = Release|Any CPU
		{89883B6F-CAE0-43DD-BD41-022DA8BC7E34}.Release|x86.ActiveCfg = Release|Any CPU
		{89883B6F-CAE0-43DD-BD41-022DA8BC7E34}.Release|x86.Build.0 = Release|Any CPU
		{9B4BE9D4-3685-4DDB-8245-92C255F0141D}.Debug|Any CPU.ActiveCfg = Debug|Any CPU
		{9B4BE9D4-3685-4DDB-8245-92C255F0141D}.Debug|Any CPU.Build.0 = Debug|Any CPU
		{9B4BE9D4-3685-4DDB-8245-92C255F0141D}.Debug|x64.ActiveCfg = Debug|Any CPU
		{9B4BE9D4-3685-4DDB-8245-92C255F0141D}.Debug|x64.Build.0 = Debug|Any CPU
		{9B4BE9D4-3685-4DDB-8245-92C255F0141D}.Debug|x86.ActiveCfg = Debug|Any CPU
		{9B4BE9D4-3685-4DDB-8245-92C255F0141D}.Debug|x86.Build.0 = Debug|Any CPU
		{9B4BE9D4-3685-4DDB-8245-92C255F0141D}.Release|Any CPU.ActiveCfg = Release|Any CPU
		{9B4BE9D4-3685-4DDB-8245-92C255F0141D}.Release|Any CPU.Build.0 = Release|Any CPU
		{9B4BE9D4-3685-4DDB-8245-92C255F0141D}.Release|x64.ActiveCfg = Release|Any CPU
		{9B4BE9D4-3685-4DDB-8245-92C255F0141D}.Release|x64.Build.0 = Release|Any CPU
		{9B4BE9D4-3685-4DDB-8245-92C255F0141D}.Release|x86.ActiveCfg = Release|Any CPU
		{9B4BE9D4-3685-4DDB-8245-92C255F0141D}.Release|x86.Build.0 = Release|Any CPU
		{FD48F5E2-0A9E-4827-904A-3C0EAD13820C}.Debug|Any CPU.ActiveCfg = Debug|Any CPU
		{FD48F5E2-0A9E-4827-904A-3C0EAD13820C}.Debug|Any CPU.Build.0 = Debug|Any CPU
		{FD48F5E2-0A9E-4827-904A-3C0EAD13820C}.Debug|x64.ActiveCfg = Debug|Any CPU
		{FD48F5E2-0A9E-4827-904A-3C0EAD13820C}.Debug|x64.Build.0 = Debug|Any CPU
		{FD48F5E2-0A9E-4827-904A-3C0EAD13820C}.Debug|x86.ActiveCfg = Debug|Any CPU
		{FD48F5E2-0A9E-4827-904A-3C0EAD13820C}.Debug|x86.Build.0 = Debug|Any CPU
		{FD48F5E2-0A9E-4827-904A-3C0EAD13820C}.Release|Any CPU.ActiveCfg = Release|Any CPU
		{FD48F5E2-0A9E-4827-904A-3C0EAD13820C}.Release|Any CPU.Build.0 = Release|Any CPU
		{FD48F5E2-0A9E-4827-904A-3C0EAD13820C}.Release|x64.ActiveCfg = Release|Any CPU
		{FD48F5E2-0A9E-4827-904A-3C0EAD13820C}.Release|x64.Build.0 = Release|Any CPU
		{FD48F5E2-0A9E-4827-904A-3C0EAD13820C}.Release|x86.ActiveCfg = Release|Any CPU
		{FD48F5E2-0A9E-4827-904A-3C0EAD13820C}.Release|x86.Build.0 = Release|Any CPU
		{92C2A1EF-32F8-4468-838C-6963743C01D9}.Debug|Any CPU.ActiveCfg = Debug|Any CPU
		{92C2A1EF-32F8-4468-838C-6963743C01D9}.Debug|Any CPU.Build.0 = Debug|Any CPU
		{92C2A1EF-32F8-4468-838C-6963743C01D9}.Debug|x64.ActiveCfg = Debug|Any CPU
		{92C2A1EF-32F8-4468-838C-6963743C01D9}.Debug|x64.Build.0 = Debug|Any CPU
		{92C2A1EF-32F8-4468-838C-6963743C01D9}.Debug|x86.ActiveCfg = Debug|Any CPU
		{92C2A1EF-32F8-4468-838C-6963743C01D9}.Debug|x86.Build.0 = Debug|Any CPU
		{92C2A1EF-32F8-4468-838C-6963743C01D9}.Release|Any CPU.ActiveCfg = Release|Any CPU
		{92C2A1EF-32F8-4468-838C-6963743C01D9}.Release|Any CPU.Build.0 = Release|Any CPU
		{92C2A1EF-32F8-4468-838C-6963743C01D9}.Release|x64.ActiveCfg = Release|Any CPU
		{92C2A1EF-32F8-4468-838C-6963743C01D9}.Release|x64.Build.0 = Release|Any CPU
		{92C2A1EF-32F8-4468-838C-6963743C01D9}.Release|x86.ActiveCfg = Release|Any CPU
		{92C2A1EF-32F8-4468-838C-6963743C01D9}.Release|x86.Build.0 = Release|Any CPU
		{65E2E53E-D228-4C17-9A4E-3B8FD3E89DDA}.Debug|Any CPU.ActiveCfg = Debug|Any CPU
		{65E2E53E-D228-4C17-9A4E-3B8FD3E89DDA}.Debug|Any CPU.Build.0 = Debug|Any CPU
		{65E2E53E-D228-4C17-9A4E-3B8FD3E89DDA}.Debug|x64.ActiveCfg = Debug|Any CPU
		{65E2E53E-D228-4C17-9A4E-3B8FD3E89DDA}.Debug|x64.Build.0 = Debug|Any CPU
		{65E2E53E-D228-4C17-9A4E-3B8FD3E89DDA}.Debug|x86.ActiveCfg = Debug|Any CPU
		{65E2E53E-D228-4C17-9A4E-3B8FD3E89DDA}.Debug|x86.Build.0 = Debug|Any CPU
		{65E2E53E-D228-4C17-9A4E-3B8FD3E89DDA}.Release|Any CPU.ActiveCfg = Release|Any CPU
		{65E2E53E-D228-4C17-9A4E-3B8FD3E89DDA}.Release|Any CPU.Build.0 = Release|Any CPU
		{65E2E53E-D228-4C17-9A4E-3B8FD3E89DDA}.Release|x64.ActiveCfg = Release|Any CPU
		{65E2E53E-D228-4C17-9A4E-3B8FD3E89DDA}.Release|x64.Build.0 = Release|Any CPU
		{65E2E53E-D228-4C17-9A4E-3B8FD3E89DDA}.Release|x86.ActiveCfg = Release|Any CPU
		{65E2E53E-D228-4C17-9A4E-3B8FD3E89DDA}.Release|x86.Build.0 = Release|Any CPU
	EndGlobalSection
	GlobalSection(SolutionProperties) = preSolution
		HideSolutionNode = FALSE
	EndGlobalSection
EndGlobal
